
Microsoft Visual Studio Solution File, Format Version 12.00
# Visual Studio Version 16
VisualStudioVersion = 16.0.33927.289
MinimumVisualStudioVersion = 10.0.40219.1
Project("{2150E333-8FDC-42A3-9474-1A3956D46DE8}") = "Task0", "Task0", "{D012D29A-A2B7-4226-8FB2-A63C8692A019}"
EndProject
Project("{FAE04EC0-301F-11D3-BF4B-00C04F79EFBC}") = "Tyuiu.LyaginVA.Sprint1.Task0.V28", "Tyuiu.LyaginVA.Sprint1.Task0.V28\Tyuiu.LyaginVA.Sprint1.Task0.V28.csproj", "{5B82AB0F-5DCD-4DA1-B326-63BB28DD5F5E}"
EndProject
Project("{FAE04EC0-301F-11D3-BF4B-00C04F79EFBC}") = "Tyuiu.LyaginVA.Sprint1.Task0.V28.Lib", "Tyuiu.LyaginVA.Sprint1.Task0.V28.Lib\Tyuiu.LyaginVA.Sprint1.Task0.V28.Lib.csproj", "{29A8C3BB-8B5D-4D4B-8EBD-75D3056857DD}"
EndProject
Project("{FAE04EC0-301F-11D3-BF4B-00C04F79EFBC}") = "Tyuiu.LyaginVA.Sprint1.Task0.V28.Test", "Tyuiu.LyaginVA.Sprint1.Task0.V28.Test\Tyuiu.LyaginVA.Sprint1.Task0.V28.Test.csproj", "{3EDE3CE8-4E6B-4640-ABD2-8D93D68EEF5F}"
EndProject
Project("{2150E333-8FDC-42A3-9474-1A3956D46DE8}") = "Task1", "Task1", "{4F0BAD7F-A3B4-466E-9EC7-F90D57219119}"
EndProject
Project("{FAE04EC0-301F-11D3-BF4B-00C04F79EFBC}") = "Tyuiu.LyaginVA.Sprint1.Task1.V14", "Tyuiu.LyaginVA.Sprint1.Task1.V14\Tyuiu.LyaginVA.Sprint1.Task1.V14.csproj", "{FF4F672E-ED39-4A86-820A-859F275F468F}"
EndProject
Project("{FAE04EC0-301F-11D3-BF4B-00C04F79EFBC}") = "Tyuiu.LyaginVA.Sprint1.Task1.V14.Lib", "Tyuiu.LyaginVA.Sprint1.Task1.V14.Lib\Tyuiu.LyaginVA.Sprint1.Task1.V14.Lib.csproj", "{843402ED-9BF5-4C40-89D2-CBD3AD88FF88}"
EndProject
Project("{FAE04EC0-301F-11D3-BF4B-00C04F79EFBC}") = "Tyuiu.LyaginVA.Sprint1.Task1.V14.Test", "Tyuiu.LyaginVA.Sprint1.Task1.V14.Test\Tyuiu.LyaginVA.Sprint1.Task1.V14.Test.csproj", "{3C3DC375-B1B3-4600-9542-2381C83B776B}"
EndProject
Project("{2150E333-8FDC-42A3-9474-1A3956D46DE8}") = "Task2", "Task2", "{8B9D256F-A41C-4A8E-9E1B-2535C5F5A00E}"
EndProject
Project("{FAE04EC0-301F-11D3-BF4B-00C04F79EFBC}") = "Tyuiu.LyaginVA.Sprint1.Task2.V12", "Tyuiu.LyaginVA.Sprint1.Task2.V12\Tyuiu.LyaginVA.Sprint1.Task2.V12.csproj", "{3EAB4351-A635-4699-8C1E-997A243C393D}"
EndProject
Project("{FAE04EC0-301F-11D3-BF4B-00C04F79EFBC}") = "Tyuiu.LyaginVA.Sprint1.Task2.V12.Lib", "Tyuiu.LyaginVA.Sprint1.Task2.V12.Lib\Tyuiu.LyaginVA.Sprint1.Task2.V12.Lib.csproj", "{219DFE0B-03D6-48ED-96EF-064E841E412C}"
EndProject
Project("{FAE04EC0-301F-11D3-BF4B-00C04F79EFBC}") = "Tyuiu.LyaginVA.Sprint1.Task2.V12.Test", "Tyuiu.LyaginVA.Sprint1.Task2.V12.Test\Tyuiu.LyaginVA.Sprint1.Task2.V12.Test.csproj", "{123349AA-F7CC-4E8C-ABFD-9CA8183A2F37}"
EndProject
Project("{2150E333-8FDC-42A3-9474-1A3956D46DE8}") = "Task3", "Task3", "{288D0980-29E5-4C32-A1E7-95C1E12EF166}"
EndProject
Project("{FAE04EC0-301F-11D3-BF4B-00C04F79EFBC}") = "Tyuiu.LyaginVA.Sprint1.Task3.V13", "Tyuiu.LyaginVA.Sprint1.Task3.V13\Tyuiu.LyaginVA.Sprint1.Task3.V13.csproj", "{5FD3EF71-5E8A-45D2-BC4D-D0E43B01B538}"
EndProject
Project("{FAE04EC0-301F-11D3-BF4B-00C04F79EFBC}") = "Tyuiu.LyaginVA.Sprint1.Task3.V13.Lib", "Tyuiu.LyaginVA.Sprint1.Task3.V13.Lib\Tyuiu.LyaginVA.Sprint1.Task3.V13.Lib.csproj", "{B9650120-2552-4244-A11C-BF0A3EB8129F}"
EndProject
Project("{FAE04EC0-301F-11D3-BF4B-00C04F79EFBC}") = "Tyuiu.LyaginVA.Sprint1.Task3.V13.Test", "Tyuiu.LyaginVA.Sprint1.Task3.V13.Test\Tyuiu.LyaginVA.Sprint1.Task3.V13.Test.csproj", "{CA0466F1-F7D9-4E5C-9EA5-79B9B6D1582A}"
EndProject
Global
	GlobalSection(SolutionConfigurationPlatforms) = preSolution
		Debug|Any CPU = Debug|Any CPU
		Release|Any CPU = Release|Any CPU
	EndGlobalSection
	GlobalSection(ProjectConfigurationPlatforms) = postSolution
		{5B82AB0F-5DCD-4DA1-B326-63BB28DD5F5E}.Debug|Any CPU.ActiveCfg = Debug|Any CPU
		{5B82AB0F-5DCD-4DA1-B326-63BB28DD5F5E}.Debug|Any CPU.Build.0 = Debug|Any CPU
		{5B82AB0F-5DCD-4DA1-B326-63BB28DD5F5E}.Release|Any CPU.ActiveCfg = Release|Any CPU
		{5B82AB0F-5DCD-4DA1-B326-63BB28DD5F5E}.Release|Any CPU.Build.0 = Release|Any CPU
		{29A8C3BB-8B5D-4D4B-8EBD-75D3056857DD}.Debug|Any CPU.ActiveCfg = Debug|Any CPU
		{29A8C3BB-8B5D-4D4B-8EBD-75D3056857DD}.Debug|Any CPU.Build.0 = Debug|Any CPU
		{29A8C3BB-8B5D-4D4B-8EBD-75D3056857DD}.Release|Any CPU.ActiveCfg = Release|Any CPU
		{29A8C3BB-8B5D-4D4B-8EBD-75D3056857DD}.Release|Any CPU.Build.0 = Release|Any CPU
		{3EDE3CE8-4E6B-4640-ABD2-8D93D68EEF5F}.Debug|Any CPU.ActiveCfg = Debug|Any CPU
		{3EDE3CE8-4E6B-4640-ABD2-8D93D68EEF5F}.Debug|Any CPU.Build.0 = Debug|Any CPU
		{3EDE3CE8-4E6B-4640-ABD2-8D93D68EEF5F}.Release|Any CPU.ActiveCfg = Release|Any CPU
		{3EDE3CE8-4E6B-4640-ABD2-8D93D68EEF5F}.Release|Any CPU.Build.0 = Release|Any CPU
		{FF4F672E-ED39-4A86-820A-859F275F468F}.Debug|Any CPU.ActiveCfg = Debug|Any CPU
		{FF4F672E-ED39-4A86-820A-859F275F468F}.Debug|Any CPU.Build.0 = Debug|Any CPU
		{FF4F672E-ED39-4A86-820A-859F275F468F}.Release|Any CPU.ActiveCfg = Release|Any CPU
		{FF4F672E-ED39-4A86-820A-859F275F468F}.Release|Any CPU.Build.0 = Release|Any CPU
		{843402ED-9BF5-4C40-89D2-CBD3AD88FF88}.Debug|Any CPU.ActiveCfg = Debug|Any CPU
		{843402ED-9BF5-4C40-89D2-CBD3AD88FF88}.Debug|Any CPU.Build.0 = Debug|Any CPU
		{843402ED-9BF5-4C40-89D2-CBD3AD88FF88}.Release|Any CPU.ActiveCfg = Release|Any CPU
		{843402ED-9BF5-4C40-89D2-CBD3AD88FF88}.Release|Any CPU.Build.0 = Release|Any CPU
		{3C3DC375-B1B3-4600-9542-2381C83B776B}.Debug|Any CPU.ActiveCfg = Debug|Any CPU
		{3C3DC375-B1B3-4600-9542-2381C83B776B}.Debug|Any CPU.Build.0 = Debug|Any CPU
		{3C3DC375-B1B3-4600-9542-2381C83B776B}.Release|Any CPU.ActiveCfg = Release|Any CPU
		{3C3DC375-B1B3-4600-9542-2381C83B776B}.Release|Any CPU.Build.0 = Release|Any CPU
		{3EAB4351-A635-4699-8C1E-997A243C393D}.Debug|Any CPU.ActiveCfg = Debug|Any CPU
		{3EAB4351-A635-4699-8C1E-997A243C393D}.Debug|Any CPU.Build.0 = Debug|Any CPU
		{3EAB4351-A635-4699-8C1E-997A243C393D}.Release|Any CPU.ActiveCfg = Release|Any CPU
		{3EAB4351-A635-4699-8C1E-997A243C393D}.Release|Any CPU.Build.0 = Release|Any CPU
		{219DFE0B-03D6-48ED-96EF-064E841E412C}.Debug|Any CPU.ActiveCfg = Debug|Any CPU
		{219DFE0B-03D6-48ED-96EF-064E841E412C}.Debug|Any CPU.Build.0 = Debug|Any CPU
		{219DFE0B-03D6-48ED-96EF-064E841E412C}.Release|Any CPU.ActiveCfg = Release|Any CPU
		{219DFE0B-03D6-48ED-96EF-064E841E412C}.Release|Any CPU.Build.0 = Release|Any CPU
		{123349AA-F7CC-4E8C-ABFD-9CA8183A2F37}.Debug|Any CPU.ActiveCfg = Debug|Any CPU
		{123349AA-F7CC-4E8C-ABFD-9CA8183A2F37}.Debug|Any CPU.Build.0 = Debug|Any CPU
		{123349AA-F7CC-4E8C-ABFD-9CA8183A2F37}.Release|Any CPU.ActiveCfg = Release|Any CPU
		{123349AA-F7CC-4E8C-ABFD-9CA8183A2F37}.Release|Any CPU.Build.0 = Release|Any CPU
		{5FD3EF71-5E8A-45D2-BC4D-D0E43B01B538}.Debug|Any CPU.ActiveCfg = Debug|Any CPU
		{5FD3EF71-5E8A-45D2-BC4D-D0E43B01B538}.Debug|Any CPU.Build.0 = Debug|Any CPU
		{5FD3EF71-5E8A-45D2-BC4D-D0E43B01B538}.Release|Any CPU.ActiveCfg = Release|Any CPU
		{5FD3EF71-5E8A-45D2-BC4D-D0E43B01B538}.Release|Any CPU.Build.0 = Release|Any CPU
		{B9650120-2552-4244-A11C-BF0A3EB8129F}.Debug|Any CPU.ActiveCfg = Debug|Any CPU
		{B9650120-2552-4244-A11C-BF0A3EB8129F}.Debug|Any CPU.Build.0 = Debug|Any CPU
		{B9650120-2552-4244-A11C-BF0A3EB8129F}.Release|Any CPU.ActiveCfg = Release|Any CPU
		{B9650120-2552-4244-A11C-BF0A3EB8129F}.Release|Any CPU.Build.0 = Release|Any CPU
		{CA0466F1-F7D9-4E5C-9EA5-79B9B6D1582A}.Debug|Any CPU.ActiveCfg = Debug|Any CPU
		{CA0466F1-F7D9-4E5C-9EA5-79B9B6D1582A}.Debug|Any CPU.Build.0 = Debug|Any CPU
		{CA0466F1-F7D9-4E5C-9EA5-79B9B6D1582A}.Release|Any CPU.ActiveCfg = Release|Any CPU
		{CA0466F1-F7D9-4E5C-9EA5-79B9B6D1582A}.Release|Any CPU.Build.0 = Release|Any CPU
	EndGlobalSection
	GlobalSection(SolutionProperties) = preSolution
		HideSolutionNode = FALSE
	EndGlobalSection
	GlobalSection(NestedProjects) = preSolution
		{5B82AB0F-5DCD-4DA1-B326-63BB28DD5F5E} = {D012D29A-A2B7-4226-8FB2-A63C8692A019}
		{29A8C3BB-8B5D-4D4B-8EBD-75D3056857DD} = {D012D29A-A2B7-4226-8FB2-A63C8692A019}
		{3EDE3CE8-4E6B-4640-ABD2-8D93D68EEF5F} = {D012D29A-A2B7-4226-8FB2-A63C8692A019}
		{FF4F672E-ED39-4A86-820A-859F275F468F} = {4F0BAD7F-A3B4-466E-9EC7-F90D57219119}
		{843402ED-9BF5-4C40-89D2-CBD3AD88FF88} = {4F0BAD7F-A3B4-466E-9EC7-F90D57219119}
		{3C3DC375-B1B3-4600-9542-2381C83B776B} = {4F0BAD7F-A3B4-466E-9EC7-F90D57219119}
		{3EAB4351-A635-4699-8C1E-997A243C393D} = {8B9D256F-A41C-4A8E-9E1B-2535C5F5A00E}
		{219DFE0B-03D6-48ED-96EF-064E841E412C} = {8B9D256F-A41C-4A8E-9E1B-2535C5F5A00E}
		{123349AA-F7CC-4E8C-ABFD-9CA8183A2F37} = {8B9D256F-A41C-4A8E-9E1B-2535C5F5A00E}
		{5FD3EF71-5E8A-45D2-BC4D-D0E43B01B538} = {288D0980-29E5-4C32-A1E7-95C1E12EF166}
		{B9650120-2552-4244-A11C-BF0A3EB8129F} = {288D0980-29E5-4C32-A1E7-95C1E12EF166}
		{CA0466F1-F7D9-4E5C-9EA5-79B9B6D1582A} = {288D0980-29E5-4C32-A1E7-95C1E12EF166}
	EndGlobalSection
	GlobalSection(ExtensibilityGlobals) = postSolution
		SolutionGuid = {9485E296-752D-43AE-83D0-E19ADEA70E35}
	EndGlobalSection
EndGlobal
