
Microsoft Visual Studio Solution File, Format Version 12.00
# Visual Studio Version 16
VisualStudioVersion = 16.0.33927.289
MinimumVisualStudioVersion = 10.0.40219.1
Project("{2150E333-8FDC-42A3-9474-1A3956D46DE8}") = "Task0", "Task0", "{D012D29A-A2B7-4226-8FB2-A63C8692A019}"
EndProject
Project("{FAE04EC0-301F-11D3-BF4B-00C04F79EFBC}") = "Tyuiu.LyaginVA.Sprint1.Task0.V28", "Tyuiu.LyaginVA.Sprint1.Task0.V28\Tyuiu.LyaginVA.Sprint1.Task0.V28.csproj", "{5B82AB0F-5DCD-4DA1-B326-63BB28DD5F5E}"
EndProject
Project("{FAE04EC0-301F-11D3-BF4B-00C04F79EFBC}") = "Tyuiu.LyaginVA.Sprint1.Task0.V28.Lib", "Tyuiu.LyaginVA.Sprint1.Task0.V28.Lib\Tyuiu.LyaginVA.Sprint1.Task0.V28.Lib.csproj", "{29A8C3BB-8B5D-4D4B-8EBD-75D3056857DD}"
EndProject
Project("{FAE04EC0-301F-11D3-BF4B-00C04F79EFBC}") = "Tyuiu.LyaginVA.Sprint1.Task0.V28.Test", "Tyuiu.LyaginVA.Sprint1.Task0.V28.Test\Tyuiu.LyaginVA.Sprint1.Task0.V28.Test.csproj", "{3EDE3CE8-4E6B-4640-ABD2-8D93D68EEF5F}"
EndProject
Project("{2150E333-8FDC-42A3-9474-1A3956D46DE8}") = "Task1", "Task1", "{4F0BAD7F-A3B4-466E-9EC7-F90D57219119}"
EndProject
Project("{FAE04EC0-301F-11D3-BF4B-00C04F79EFBC}") = "Tyuiu.LyaginVA.Sprint1.Task1.V14", "Tyuiu.LyaginVA.Sprint1.Task1.V14\Tyuiu.LyaginVA.Sprint1.Task1.V14.csproj", "{FF4F672E-ED39-4A86-820A-859F275F468F}"
EndProject
Project("{FAE04EC0-301F-11D3-BF4B-00C04F79EFBC}") = "Tyuiu.LyaginVA.Sprint1.Task1.V14.Lib", "Tyuiu.LyaginVA.Sprint1.Task1.V14.Lib\Tyuiu.LyaginVA.Sprint1.Task1.V14.Lib.csproj", "{843402ED-9BF5-4C40-89D2-CBD3AD88FF88}"
EndProject
Project("{FAE04EC0-301F-11D3-BF4B-00C04F79EFBC}") = "Tyuiu.LyaginVA.Sprint1.Task1.V14.Test", "Tyuiu.LyaginVA.Sprint1.Task1.V14.Test\Tyuiu.LyaginVA.Sprint1.Task1.V14.Test.csproj", "{3C3DC375-B1B3-4600-9542-2381C83B776B}"
EndProject
Project("{2150E333-8FDC-42A3-9474-1A3956D46DE8}") = "Task2", "Task2", "{8B9D256F-A41C-4A8E-9E1B-2535C5F5A00E}"
EndProject
Project("{FAE04EC0-301F-11D3-BF4B-00C04F79EFBC}") = "Tyuiu.LyaginVA.Sprint1.Task2.V12", "Tyuiu.LyaginVA.Sprint1.Task2.V12\Tyuiu.LyaginVA.Sprint1.Task2.V12.csproj", "{3EAB4351-A635-4699-8C1E-997A243C393D}"
EndProject
Project("{FAE04EC0-301F-11D3-BF4B-00C04F79EFBC}") = "Tyuiu.LyaginVA.Sprint1.Task2.V12.Lib", "Tyuiu.LyaginVA.Sprint1.Task2.V12.Lib\Tyuiu.LyaginVA.Sprint1.Task2.V12.Lib.csproj", "{219DFE0B-03D6-48ED-96EF-064E841E412C}"
EndProject
Project("{FAE04EC0-301F-11D3-BF4B-00C04F79EFBC}") = "Tyuiu.LyaginVA.Sprint1.Task2.V12.Test", "Tyuiu.LyaginVA.Sprint1.Task2.V12.Test\Tyuiu.LyaginVA.Sprint1.Task2.V12.Test.csproj", "{123349AA-F7CC-4E8C-ABFD-9CA8183A2F37}"
EndProject
Project("{2150E333-8FDC-42A3-9474-1A3956D46DE8}") = "Task3", "Task3", "{288D0980-29E5-4C32-A1E7-95C1E12EF166}"
EndProject
Project("{FAE04EC0-301F-11D3-BF4B-00C04F79EFBC}") = "Tyuiu.LyaginVA.Sprint1.Task3.V13", "Tyuiu.LyaginVA.Sprint1.Task3.V13\Tyuiu.LyaginVA.Sprint1.Task3.V13.csproj", "{5FD3EF71-5E8A-45D2-BC4D-D0E43B01B538}"
EndProject
Project("{FAE04EC0-301F-11D3-BF4B-00C04F79EFBC}") = "Tyuiu.LyaginVA.Sprint1.Task3.V13.Lib", "Tyuiu.LyaginVA.Sprint1.Task3.V13.Lib\Tyuiu.LyaginVA.Sprint1.Task3.V13.Lib.csproj", "{B9650120-2552-4244-A11C-BF0A3EB8129F}"
EndProject
Project("{FAE04EC0-301F-11D3-BF4B-00C04F79EFBC}") = "Tyuiu.LyaginVA.Sprint1.Task3.V13.Test", "Tyuiu.LyaginVA.Sprint1.Task3.V13.Test\Tyuiu.LyaginVA.Sprint1.Task3.V13.Test.csproj", "{CA0466F1-F7D9-4E5C-9EA5-79B9B6D1582A}"
EndProject
Project("{2150E333-8FDC-42A3-9474-1A3956D46DE8}") = "Task4", "Task4", "{3EBF46D4-A5F7-4B5B-BB4B-81D326863703}"
EndProject
Project("{FAE04EC0-301F-11D3-BF4B-00C04F79EFBC}") = "Tyuiu.LyaginVA.Sprint1.Task4.V14", "Tyuiu.LyaginVA.Sprint1.Task4.V14\Tyuiu.LyaginVA.Sprint1.Task4.V14.csproj", "{CB3B8C3A-B68C-4E34-8268-FD68D398D37F}"
EndProject
Project("{FAE04EC0-301F-11D3-BF4B-00C04F79EFBC}") = "Tyuiu.LyaginVA.Sprint1.Task4.V14.Lib", "Tyuiu.LyaginVA.Sprint1.Task4.V14.Lib\Tyuiu.LyaginVA.Sprint1.Task4.V14.Lib.csproj", "{73802F17-25E7-4385-A8FB-7B54DF1D3859}"
EndProject
Project("{FAE04EC0-301F-11D3-BF4B-00C04F79EFBC}") = "Tyuiu.LyaginVA.Sprint1.Task4.V14.Test", "Tyuiu.LyaginVA.Sprint1.Task4.V14.Test\Tyuiu.LyaginVA.Sprint1.Task4.V14.Test.csproj", "{D6BD746C-3DA3-4785-AB20-867FA60DF942}"
EndProject
Project("{2150E333-8FDC-42A3-9474-1A3956D46DE8}") = "Task5", "Task5", "{DA8A5A3E-E61D-42CE-B4E2-BBFBEBF215FE}"
EndProject
Project("{FAE04EC0-301F-11D3-BF4B-00C04F79EFBC}") = "Tyuiu.LyaginVA.Sprint1.Task5.V1", "Tyuiu.LyaginVA.Sprint1.Task5.V1\Tyuiu.LyaginVA.Sprint1.Task5.V1.csproj", "{9808CC40-7C89-4B2D-9441-7C6E95DCD7B6}"
EndProject
Project("{FAE04EC0-301F-11D3-BF4B-00C04F79EFBC}") = "Tyuiu.LyaginVA.Sprint1.Task5.V1.Lib", "Tyuiu.LyaginVA.Sprint1.Task5.V1.Lib\Tyuiu.LyaginVA.Sprint1.Task5.V1.Lib.csproj", "{124D71E7-3CBA-482A-911E-3CF865437E64}"
EndProject
Project("{FAE04EC0-301F-11D3-BF4B-00C04F79EFBC}") = "Tyuiu.LyaginVA.Sprint1.Task5.V1.Test", "Tyuiu.LyaginVA.Sprint1.Task5.V1.Test\Tyuiu.LyaginVA.Sprint1.Task5.V1.Test.csproj", "{8830D8AC-BCA8-4391-BD2D-3945EEC2150C}"
EndProject
Project("{2150E333-8FDC-42A3-9474-1A3956D46DE8}") = "Task6", "Task6", "{71AF79C7-E831-4B8E-8833-D871AAF063AF}"
EndProject
Project("{FAE04EC0-301F-11D3-BF4B-00C04F79EFBC}") = "Tyuiu.LyaginVA.Sprint1.Task6.V3", "Tyuiu.LyaginVA.Sprint1.Task6.V3\Tyuiu.LyaginVA.Sprint1.Task6.V3.csproj", "{AA709FC0-62B0-4AF5-9EE9-9C7E612BD930}"
EndProject
Project("{FAE04EC0-301F-11D3-BF4B-00C04F79EFBC}") = "Tyuiu.LyaginVA.Sprint1.Task6.V3.Lib", "Tyuiu.LyaginVA.Sprint1.Task6.V3.Lib\Tyuiu.LyaginVA.Sprint1.Task6.V3.Lib.csproj", "{2EC529B6-B64B-4A82-8980-53B2987C7F64}"
EndProject
Project("{FAE04EC0-301F-11D3-BF4B-00C04F79EFBC}") = "Tyuiu.LyaginVA.Sprint1.Task6.V3.Test", "Tyuiu.LyaginVA.Sprint1.Task6.V3.Test\Tyuiu.LyaginVA.Sprint1.Task6.V3.Test.csproj", "{55FF821F-C201-4E0B-AD82-F2D4BFC5232B}"
EndProject
Project("{2150E333-8FDC-42A3-9474-1A3956D46DE8}") = "Task7", "Task7", "{3E170718-B0BE-4D62-9D92-CF3EA60A722C}"
EndProject
Project("{FAE04EC0-301F-11D3-BF4B-00C04F79EFBC}") = "Tyuiu.LyaginVA.Sprint1.Task7.V29", "Tyuiu.LyaginVA.Sprint1.Task7.V29\Tyuiu.LyaginVA.Sprint1.Task7.V29.csproj", "{07470826-8A33-47B1-AB9C-39A9C4BB0DB4}"
EndProject
Project("{FAE04EC0-301F-11D3-BF4B-00C04F79EFBC}") = "Tyuiu.LyaginVA.Sprint1.Task7.V29.Lib", "Tyuiu.LyaginVA.Sprint1.Task7.V29.Lib\Tyuiu.LyaginVA.Sprint1.Task7.V29.Lib.csproj", "{98ED03C6-80F5-4E35-A8BF-91CE21880F21}"
EndProject
Project("{FAE04EC0-301F-11D3-BF4B-00C04F79EFBC}") = "Tyuiu.LyaginVA.Sprint1.Task7.V29.Test", "Tyuiu.LyaginVA.Sprint1.Task7.V29.Test\Tyuiu.LyaginVA.Sprint1.Task7.V29.Test.csproj", "{64E90F27-9E23-456B-98A9-05E0EECA5F65}"
EndProject
Global
	GlobalSection(SolutionConfigurationPlatforms) = preSolution
		Debug|Any CPU = Debug|Any CPU
		Release|Any CPU = Release|Any CPU
	EndGlobalSection
	GlobalSection(ProjectConfigurationPlatforms) = postSolution
		{5B82AB0F-5DCD-4DA1-B326-63BB28DD5F5E}.Debug|Any CPU.ActiveCfg = Debug|Any CPU
		{5B82AB0F-5DCD-4DA1-B326-63BB28DD5F5E}.Debug|Any CPU.Build.0 = Debug|Any CPU
		{5B82AB0F-5DCD-4DA1-B326-63BB28DD5F5E}.Release|Any CPU.ActiveCfg = Release|Any CPU
		{5B82AB0F-5DCD-4DA1-B326-63BB28DD5F5E}.Release|Any CPU.Build.0 = Release|Any CPU
		{29A8C3BB-8B5D-4D4B-8EBD-75D3056857DD}.Debug|Any CPU.ActiveCfg = Debug|Any CPU
		{29A8C3BB-8B5D-4D4B-8EBD-75D3056857DD}.Debug|Any CPU.Build.0 = Debug|Any CPU
		{29A8C3BB-8B5D-4D4B-8EBD-75D3056857DD}.Release|Any CPU.ActiveCfg = Release|Any CPU
		{29A8C3BB-8B5D-4D4B-8EBD-75D3056857DD}.Release|Any CPU.Build.0 = Release|Any CPU
		{3EDE3CE8-4E6B-4640-ABD2-8D93D68EEF5F}.Debug|Any CPU.ActiveCfg = Debug|Any CPU
		{3EDE3CE8-4E6B-4640-ABD2-8D93D68EEF5F}.Debug|Any CPU.Build.0 = Debug|Any CPU
		{3EDE3CE8-4E6B-4640-ABD2-8D93D68EEF5F}.Release|Any CPU.ActiveCfg = Release|Any CPU
		{3EDE3CE8-4E6B-4640-ABD2-8D93D68EEF5F}.Release|Any CPU.Build.0 = Release|Any CPU
		{FF4F672E-ED39-4A86-820A-859F275F468F}.Debug|Any CPU.ActiveCfg = Debug|Any CPU
		{FF4F672E-ED39-4A86-820A-859F275F468F}.Debug|Any CPU.Build.0 = Debug|Any CPU
		{FF4F672E-ED39-4A86-820A-859F275F468F}.Release|Any CPU.ActiveCfg = Release|Any CPU
		{FF4F672E-ED39-4A86-820A-859F275F468F}.Release|Any CPU.Build.0 = Release|Any CPU
		{843402ED-9BF5-4C40-89D2-CBD3AD88FF88}.Debug|Any CPU.ActiveCfg = Debug|Any CPU
		{843402ED-9BF5-4C40-89D2-CBD3AD88FF88}.Debug|Any CPU.Build.0 = Debug|Any CPU
		{843402ED-9BF5-4C40-89D2-CBD3AD88FF88}.Release|Any CPU.ActiveCfg = Release|Any CPU
		{843402ED-9BF5-4C40-89D2-CBD3AD88FF88}.Release|Any CPU.Build.0 = Release|Any CPU
		{3C3DC375-B1B3-4600-9542-2381C83B776B}.Debug|Any CPU.ActiveCfg = Debug|Any CPU
		{3C3DC375-B1B3-4600-9542-2381C83B776B}.Debug|Any CPU.Build.0 = Debug|Any CPU
		{3C3DC375-B1B3-4600-9542-2381C83B776B}.Release|Any CPU.ActiveCfg = Release|Any CPU
		{3C3DC375-B1B3-4600-9542-2381C83B776B}.Release|Any CPU.Build.0 = Release|Any CPU
		{3EAB4351-A635-4699-8C1E-997A243C393D}.Debug|Any CPU.ActiveCfg = Debug|Any CPU
		{3EAB4351-A635-4699-8C1E-997A243C393D}.Debug|Any CPU.Build.0 = Debug|Any CPU
		{3EAB4351-A635-4699-8C1E-997A243C393D}.Release|Any CPU.ActiveCfg = Release|Any CPU
		{3EAB4351-A635-4699-8C1E-997A243C393D}.Release|Any CPU.Build.0 = Release|Any CPU
		{219DFE0B-03D6-48ED-96EF-064E841E412C}.Debug|Any CPU.ActiveCfg = Debug|Any CPU
		{219DFE0B-03D6-48ED-96EF-064E841E412C}.Debug|Any CPU.Build.0 = Debug|Any CPU
		{219DFE0B-03D6-48ED-96EF-064E841E412C}.Release|Any CPU.ActiveCfg = Release|Any CPU
		{219DFE0B-03D6-48ED-96EF-064E841E412C}.Release|Any CPU.Build.0 = Release|Any CPU
		{123349AA-F7CC-4E8C-ABFD-9CA8183A2F37}.Debug|Any CPU.ActiveCfg = Debug|Any CPU
		{123349AA-F7CC-4E8C-ABFD-9CA8183A2F37}.Debug|Any CPU.Build.0 = Debug|Any CPU
		{123349AA-F7CC-4E8C-ABFD-9CA8183A2F37}.Release|Any CPU.ActiveCfg = Release|Any CPU
		{123349AA-F7CC-4E8C-ABFD-9CA8183A2F37}.Release|Any CPU.Build.0 = Release|Any CPU
		{5FD3EF71-5E8A-45D2-BC4D-D0E43B01B538}.Debug|Any CPU.ActiveCfg = Debug|Any CPU
		{5FD3EF71-5E8A-45D2-BC4D-D0E43B01B538}.Debug|Any CPU.Build.0 = Debug|Any CPU
		{5FD3EF71-5E8A-45D2-BC4D-D0E43B01B538}.Release|Any CPU.ActiveCfg = Release|Any CPU
		{5FD3EF71-5E8A-45D2-BC4D-D0E43B01B538}.Release|Any CPU.Build.0 = Release|Any CPU
		{B9650120-2552-4244-A11C-BF0A3EB8129F}.Debug|Any CPU.ActiveCfg = Debug|Any CPU
		{B9650120-2552-4244-A11C-BF0A3EB8129F}.Debug|Any CPU.Build.0 = Debug|Any CPU
		{B9650120-2552-4244-A11C-BF0A3EB8129F}.Release|Any CPU.ActiveCfg = Release|Any CPU
		{B9650120-2552-4244-A11C-BF0A3EB8129F}.Release|Any CPU.Build.0 = Release|Any CPU
		{CA0466F1-F7D9-4E5C-9EA5-79B9B6D1582A}.Debug|Any CPU.ActiveCfg = Debug|Any CPU
		{CA0466F1-F7D9-4E5C-9EA5-79B9B6D1582A}.Debug|Any CPU.Build.0 = Debug|Any CPU
		{CA0466F1-F7D9-4E5C-9EA5-79B9B6D1582A}.Release|Any CPU.ActiveCfg = Release|Any CPU
		{CA0466F1-F7D9-4E5C-9EA5-79B9B6D1582A}.Release|Any CPU.Build.0 = Release|Any CPU
		{CB3B8C3A-B68C-4E34-8268-FD68D398D37F}.Debug|Any CPU.ActiveCfg = Debug|Any CPU
		{CB3B8C3A-B68C-4E34-8268-FD68D398D37F}.Debug|Any CPU.Build.0 = Debug|Any CPU
		{CB3B8C3A-B68C-4E34-8268-FD68D398D37F}.Release|Any CPU.ActiveCfg = Release|Any CPU
		{CB3B8C3A-B68C-4E34-8268-FD68D398D37F}.Release|Any CPU.Build.0 = Release|Any CPU
		{73802F17-25E7-4385-A8FB-7B54DF1D3859}.Debug|Any CPU.ActiveCfg = Debug|Any CPU
		{73802F17-25E7-4385-A8FB-7B54DF1D3859}.Debug|Any CPU.Build.0 = Debug|Any CPU
		{73802F17-25E7-4385-A8FB-7B54DF1D3859}.Release|Any CPU.ActiveCfg = Release|Any CPU
		{73802F17-25E7-4385-A8FB-7B54DF1D3859}.Release|Any CPU.Build.0 = Release|Any CPU
		{D6BD746C-3DA3-4785-AB20-867FA60DF942}.Debug|Any CPU.ActiveCfg = Debug|Any CPU
		{D6BD746C-3DA3-4785-AB20-867FA60DF942}.Debug|Any CPU.Build.0 = Debug|Any CPU
		{D6BD746C-3DA3-4785-AB20-867FA60DF942}.Release|Any CPU.ActiveCfg = Release|Any CPU
		{D6BD746C-3DA3-4785-AB20-867FA60DF942}.Release|Any CPU.Build.0 = Release|Any CPU
		{9808CC40-7C89-4B2D-9441-7C6E95DCD7B6}.Debug|Any CPU.ActiveCfg = Debug|Any CPU
		{9808CC40-7C89-4B2D-9441-7C6E95DCD7B6}.Debug|Any CPU.Build.0 = Debug|Any CPU
		{9808CC40-7C89-4B2D-9441-7C6E95DCD7B6}.Release|Any CPU.ActiveCfg = Release|Any CPU
		{9808CC40-7C89-4B2D-9441-7C6E95DCD7B6}.Release|Any CPU.Build.0 = Release|Any CPU
		{124D71E7-3CBA-482A-911E-3CF865437E64}.Debug|Any CPU.ActiveCfg = Debug|Any CPU
		{124D71E7-3CBA-482A-911E-3CF865437E64}.Debug|Any CPU.Build.0 = Debug|Any CPU
		{124D71E7-3CBA-482A-911E-3CF865437E64}.Release|Any CPU.ActiveCfg = Release|Any CPU
		{124D71E7-3CBA-482A-911E-3CF865437E64}.Release|Any CPU.Build.0 = Release|Any CPU
		{8830D8AC-BCA8-4391-BD2D-3945EEC2150C}.Debug|Any CPU.ActiveCfg = Debug|Any CPU
		{8830D8AC-BCA8-4391-BD2D-3945EEC2150C}.Debug|Any CPU.Build.0 = Debug|Any CPU
		{8830D8AC-BCA8-4391-BD2D-3945EEC2150C}.Release|Any CPU.ActiveCfg = Release|Any CPU
		{8830D8AC-BCA8-4391-BD2D-3945EEC2150C}.Release|Any CPU.Build.0 = Release|Any CPU
		{AA709FC0-62B0-4AF5-9EE9-9C7E612BD930}.Debug|Any CPU.ActiveCfg = Debug|Any CPU
		{AA709FC0-62B0-4AF5-9EE9-9C7E612BD930}.Debug|Any CPU.Build.0 = Debug|Any CPU
		{AA709FC0-62B0-4AF5-9EE9-9C7E612BD930}.Release|Any CPU.ActiveCfg = Release|Any CPU
		{AA709FC0-62B0-4AF5-9EE9-9C7E612BD930}.Release|Any CPU.Build.0 = Release|Any CPU
		{2EC529B6-B64B-4A82-8980-53B2987C7F64}.Debug|Any CPU.ActiveCfg = Debug|Any CPU
		{2EC529B6-B64B-4A82-8980-53B2987C7F64}.Debug|Any CPU.Build.0 = Debug|Any CPU
		{2EC529B6-B64B-4A82-8980-53B2987C7F64}.Release|Any CPU.ActiveCfg = Release|Any CPU
		{2EC529B6-B64B-4A82-8980-53B2987C7F64}.Release|Any CPU.Build.0 = Release|Any CPU
		{55FF821F-C201-4E0B-AD82-F2D4BFC5232B}.Debug|Any CPU.ActiveCfg = Debug|Any CPU
		{55FF821F-C201-4E0B-AD82-F2D4BFC5232B}.Debug|Any CPU.Build.0 = Debug|Any CPU
		{55FF821F-C201-4E0B-AD82-F2D4BFC5232B}.Release|Any CPU.ActiveCfg = Release|Any CPU
		{55FF821F-C201-4E0B-AD82-F2D4BFC5232B}.Release|Any CPU.Build.0 = Release|Any CPU
		{07470826-8A33-47B1-AB9C-39A9C4BB0DB4}.Debug|Any CPU.ActiveCfg = Debug|Any CPU
		{07470826-8A33-47B1-AB9C-39A9C4BB0DB4}.Debug|Any CPU.Build.0 = Debug|Any CPU
		{07470826-8A33-47B1-AB9C-39A9C4BB0DB4}.Release|Any CPU.ActiveCfg = Release|Any CPU
		{07470826-8A33-47B1-AB9C-39A9C4BB0DB4}.Release|Any CPU.Build.0 = Release|Any CPU
		{98ED03C6-80F5-4E35-A8BF-91CE21880F21}.Debug|Any CPU.ActiveCfg = Debug|Any CPU
		{98ED03C6-80F5-4E35-A8BF-91CE21880F21}.Debug|Any CPU.Build.0 = Debug|Any CPU
		{98ED03C6-80F5-4E35-A8BF-91CE21880F21}.Release|Any CPU.ActiveCfg = Release|Any CPU
		{98ED03C6-80F5-4E35-A8BF-91CE21880F21}.Release|Any CPU.Build.0 = Release|Any CPU
		{64E90F27-9E23-456B-98A9-05E0EECA5F65}.Debug|Any CPU.ActiveCfg = Debug|Any CPU
		{64E90F27-9E23-456B-98A9-05E0EECA5F65}.Debug|Any CPU.Build.0 = Debug|Any CPU
		{64E90F27-9E23-456B-98A9-05E0EECA5F65}.Release|Any CPU.ActiveCfg = Release|Any CPU
		{64E90F27-9E23-456B-98A9-05E0EECA5F65}.Release|Any CPU.Build.0 = Release|Any CPU
	EndGlobalSection
	GlobalSection(SolutionProperties) = preSolution
		HideSolutionNode = FALSE
	EndGlobalSection
	GlobalSection(NestedProjects) = preSolution
		{5B82AB0F-5DCD-4DA1-B326-63BB28DD5F5E} = {D012D29A-A2B7-4226-8FB2-A63C8692A019}
		{29A8C3BB-8B5D-4D4B-8EBD-75D3056857DD} = {D012D29A-A2B7-4226-8FB2-A63C8692A019}
		{3EDE3CE8-4E6B-4640-ABD2-8D93D68EEF5F} = {D012D29A-A2B7-4226-8FB2-A63C8692A019}
		{FF4F672E-ED39-4A86-820A-859F275F468F} = {4F0BAD7F-A3B4-466E-9EC7-F90D57219119}
		{843402ED-9BF5-4C40-89D2-CBD3AD88FF88} = {4F0BAD7F-A3B4-466E-9EC7-F90D57219119}
		{3C3DC375-B1B3-4600-9542-2381C83B776B} = {4F0BAD7F-A3B4-466E-9EC7-F90D57219119}
		{3EAB4351-A635-4699-8C1E-997A243C393D} = {8B9D256F-A41C-4A8E-9E1B-2535C5F5A00E}
		{219DFE0B-03D6-48ED-96EF-064E841E412C} = {8B9D256F-A41C-4A8E-9E1B-2535C5F5A00E}
		{123349AA-F7CC-4E8C-ABFD-9CA8183A2F37} = {8B9D256F-A41C-4A8E-9E1B-2535C5F5A00E}
		{5FD3EF71-5E8A-45D2-BC4D-D0E43B01B538} = {288D0980-29E5-4C32-A1E7-95C1E12EF166}
		{B9650120-2552-4244-A11C-BF0A3EB8129F} = {288D0980-29E5-4C32-A1E7-95C1E12EF166}
		{CA0466F1-F7D9-4E5C-9EA5-79B9B6D1582A} = {288D0980-29E5-4C32-A1E7-95C1E12EF166}
		{CB3B8C3A-B68C-4E34-8268-FD68D398D37F} = {3EBF46D4-A5F7-4B5B-BB4B-81D326863703}
		{73802F17-25E7-4385-A8FB-7B54DF1D3859} = {3EBF46D4-A5F7-4B5B-BB4B-81D326863703}
		{D6BD746C-3DA3-4785-AB20-867FA60DF942} = {3EBF46D4-A5F7-4B5B-BB4B-81D326863703}
		{9808CC40-7C89-4B2D-9441-7C6E95DCD7B6} = {DA8A5A3E-E61D-42CE-B4E2-BBFBEBF215FE}
		{124D71E7-3CBA-482A-911E-3CF865437E64} = {DA8A5A3E-E61D-42CE-B4E2-BBFBEBF215FE}
		{8830D8AC-BCA8-4391-BD2D-3945EEC2150C} = {DA8A5A3E-E61D-42CE-B4E2-BBFBEBF215FE}
		{AA709FC0-62B0-4AF5-9EE9-9C7E612BD930} = {71AF79C7-E831-4B8E-8833-D871AAF063AF}
		{2EC529B6-B64B-4A82-8980-53B2987C7F64} = {71AF79C7-E831-4B8E-8833-D871AAF063AF}
		{55FF821F-C201-4E0B-AD82-F2D4BFC5232B} = {71AF79C7-E831-4B8E-8833-D871AAF063AF}
		{07470826-8A33-47B1-AB9C-39A9C4BB0DB4} = {3E170718-B0BE-4D62-9D92-CF3EA60A722C}
		{98ED03C6-80F5-4E35-A8BF-91CE21880F21} = {3E170718-B0BE-4D62-9D92-CF3EA60A722C}
		{64E90F27-9E23-456B-98A9-05E0EECA5F65} = {3E170718-B0BE-4D62-9D92-CF3EA60A722C}
	EndGlobalSection
	GlobalSection(ExtensibilityGlobals) = postSolution
		SolutionGuid = {9485E296-752D-43AE-83D0-E19ADEA70E35}
	EndGlobalSection
EndGlobal
